{"1.2.0",
[{<<"bouncer_proto">>,
  {git,"https://github.com/valitydev/bouncer-proto.git",
       {ref,"96bd74dbf1db33ce1cbc6f6d3ce5a9b598ee29f5"}},
  0},
 {<<"jsx">>,{pkg,<<"jsx">>,<<"3.1.0">>},0},
 {<<"thrift">>,
  {git,"https://github.com/valitydev/thrift_erlang.git",
       {ref,"c280ff266ae1c1906fb0dcee8320bb8d8a4a3c75"}},
  0}]}.
[
{pkg_hash,[
 {<<"jsx">>, <<"D12516BAA0BB23A59BB35DCCAF02A1BD08243FCBB9EFE24F2D9D056CCFF71268">>}]},
{pkg_hash_ext,[
 {<<"jsx">>, <<"0C5CC8FDC11B53CC25CF65AC6705AD39E54ECC56D1C22E4ADB8F5A53FB9427F3">>}]}
].
